// !$*UTF8*$!
{
	archiveVersion = 1;
	classes = {
	};
	objectVersion = 48;
	objects = {

/* Begin PBXBuildFile section */
		03954ACC6034D880394E0984 /* Pods_Woosan.framework in Frameworks */ = {isa = PBXBuildFile; fileRef = 2B19D8DF94E801644805B2B7 /* Pods_Woosan.framework */; };
		95BBD52D6F64F14BC304A733 /* Pods_todayWeatherWidget.framework in Frameworks */ = {isa = PBXBuildFile; fileRef = 5DC6E3DD8A7EAF074CD2C6BB /* Pods_todayWeatherWidget.framework */; };
		D80324EB1FDE86D000C3D06B /* BGDetailViewController.swift in Sources */ = {isa = PBXBuildFile; fileRef = D80324EA1FDE86D000C3D06B /* BGDetailViewController.swift */; };
		D80324EC1FDEB36E00C3D06B /* Assets.xcassets in Resources */ = {isa = PBXBuildFile; fileRef = D8ED0F9F1FC1E76A001D1FC0 /* Assets.xcassets */; };
		D80324EE1FDEFF4F00C3D06B /* Widget_Constants.swift in Sources */ = {isa = PBXBuildFile; fileRef = D80324ED1FDEFF4F00C3D06B /* Widget_Constants.swift */; };
		D807E5E21FD2739500EC5CC6 /* NotificationCenter.framework in Frameworks */ = {isa = PBXBuildFile; fileRef = D807E5E11FD2739500EC5CC6 /* NotificationCenter.framework */; };
		D807E5E51FD2739500EC5CC6 /* TodayViewController.swift in Sources */ = {isa = PBXBuildFile; fileRef = D807E5E41FD2739500EC5CC6 /* TodayViewController.swift */; };
		D807E5E81FD2739500EC5CC6 /* MainInterface.storyboard in Resources */ = {isa = PBXBuildFile; fileRef = D807E5E61FD2739500EC5CC6 /* MainInterface.storyboard */; };
		D807E5EC1FD2739500EC5CC6 /* todayWeatherWidget.appex in Embed App Extensions */ = {isa = PBXBuildFile; fileRef = D807E5E01FD2739500EC5CC6 /* todayWeatherWidget.appex */; settings = {ATTRIBUTES = (RemoveHeadersOnCopy, ); }; };
		D81B2E771FCEB5B10094CCB5 /* Constants.swift in Sources */ = {isa = PBXBuildFile; fileRef = D81B2E761FCEB5B10094CCB5 /* Constants.swift */; };
		D84B17381FDAA6BD007F14A1 /* doggy.json in Resources */ = {isa = PBXBuildFile; fileRef = D84B17371FDAA6BD007F14A1 /* doggy.json */; };
		D84B173E1FDC412F007F14A1 /* SettingViewController.swift in Sources */ = {isa = PBXBuildFile; fileRef = D84B173D1FDC412F007F14A1 /* SettingViewController.swift */; };
		D84B17411FDC4B98007F14A1 /* ThemeViewController.swift in Sources */ = {isa = PBXBuildFile; fileRef = D84B17401FDC4B98007F14A1 /* ThemeViewController.swift */; };
		D84B17431FDC4BD4007F14A1 /* BackgroundViewController.swift in Sources */ = {isa = PBXBuildFile; fileRef = D84B17421FDC4BD4007F14A1 /* BackgroundViewController.swift */; };
		D84B17451FDC4DF8007F14A1 /* IntroduceViewController.swift in Sources */ = {isa = PBXBuildFile; fileRef = D84B17441FDC4DF8007F14A1 /* IntroduceViewController.swift */; };
		D84B17471FDC4E10007F14A1 /* EtcViewController.swift in Sources */ = {isa = PBXBuildFile; fileRef = D84B17461FDC4E10007F14A1 /* EtcViewController.swift */; };
		D84B174A1FDC5302007F14A1 /* ThemeTableViewCell.swift in Sources */ = {isa = PBXBuildFile; fileRef = D84B17481FDC5302007F14A1 /* ThemeTableViewCell.swift */; };
		D84B174B1FDC5302007F14A1 /* ThemeTableViewCell.xib in Resources */ = {isa = PBXBuildFile; fileRef = D84B17491FDC5302007F14A1 /* ThemeTableViewCell.xib */; };
		D84B174F1FDC595D007F14A1 /* BGCollectionViewCell.swift in Sources */ = {isa = PBXBuildFile; fileRef = D84B174D1FDC595D007F14A1 /* BGCollectionViewCell.swift */; };
		D84B17501FDC595D007F14A1 /* BGCollectionViewCell.xib in Resources */ = {isa = PBXBuildFile; fileRef = D84B174E1FDC595D007F14A1 /* BGCollectionViewCell.xib */; };
		D868A82F1FF5283A0001030B /* SKY_D09.json in Resources */ = {isa = PBXBuildFile; fileRef = D868A82D1FF5283A0001030B /* SKY_D09.json */; };
		D868A8301FF5283A0001030B /* SKY_D08.json in Resources */ = {isa = PBXBuildFile; fileRef = D868A82E1FF5283A0001030B /* SKY_D08.json */; };
		D88DBE491FEDAF260082F44D /* forecastCollectionViewCell.swift in Sources */ = {isa = PBXBuildFile; fileRef = D88DBE471FEDAF260082F44D /* forecastCollectionViewCell.swift */; };
		D88DBE4A1FEDAF260082F44D /* forecastCollectionViewCell.xib in Resources */ = {isa = PBXBuildFile; fileRef = D88DBE481FEDAF260082F44D /* forecastCollectionViewCell.xib */; };
		D89620EB1FD0433600EB1CBB /* SKY_D01.json in Resources */ = {isa = PBXBuildFile; fileRef = D89620EA1FD0433600EB1CBB /* SKY_D01.json */; };
		D89620F21FD0EDAD00EB1CBB /* SKY_D04.json in Resources */ = {isa = PBXBuildFile; fileRef = D89620EC1FD0EDAC00EB1CBB /* SKY_D04.json */; };
		D89620F31FD0EDAD00EB1CBB /* SKY_D05.json in Resources */ = {isa = PBXBuildFile; fileRef = D89620ED1FD0EDAC00EB1CBB /* SKY_D05.json */; };
		D89620F41FD0EDAD00EB1CBB /* SKY_D02.json in Resources */ = {isa = PBXBuildFile; fileRef = D89620EE1FD0EDAC00EB1CBB /* SKY_D02.json */; };
		D89620F51FD0EDAD00EB1CBB /* SKY_D06.json in Resources */ = {isa = PBXBuildFile; fileRef = D89620EF1FD0EDAC00EB1CBB /* SKY_D06.json */; };
		D89620F61FD0EDAD00EB1CBB /* SKY_D07.json in Resources */ = {isa = PBXBuildFile; fileRef = D89620F01FD0EDAD00EB1CBB /* SKY_D07.json */; };
		D89620F71FD0EDAD00EB1CBB /* SKY_D03.json in Resources */ = {isa = PBXBuildFile; fileRef = D89620F11FD0EDAD00EB1CBB /* SKY_D03.json */; };
		D89A17E61FE2A2AE00B29B03 /* GoogleService-Info.plist in Resources */ = {isa = PBXBuildFile; fileRef = D89A17E51FE2A2AE00B29B03 /* GoogleService-Info.plist */; };
		D89A17E91FE2C5FB00B29B03 /* EtcTableViewCell.swift in Sources */ = {isa = PBXBuildFile; fileRef = D89A17E71FE2C5FB00B29B03 /* EtcTableViewCell.swift */; };
		D89A17EA1FE2C5FB00B29B03 /* EtcTableViewCell.xib in Resources */ = {isa = PBXBuildFile; fileRef = D89A17E81FE2C5FB00B29B03 /* EtcTableViewCell.xib */; };
		D8CE53301FFBDC1E00CE171A /* notiPopup.swift in Sources */ = {isa = PBXBuildFile; fileRef = D8CE532F1FFBDC1E00CE171A /* notiPopup.swift */; };
		D8ED0F991FC1E76A001D1FC0 /* AppDelegate.swift in Sources */ = {isa = PBXBuildFile; fileRef = D8ED0F981FC1E76A001D1FC0 /* AppDelegate.swift */; };
		D8ED0F9B1FC1E76A001D1FC0 /* ViewController.swift in Sources */ = {isa = PBXBuildFile; fileRef = D8ED0F9A1FC1E76A001D1FC0 /* ViewController.swift */; };
		D8ED0F9E1FC1E76A001D1FC0 /* Main.storyboard in Resources */ = {isa = PBXBuildFile; fileRef = D8ED0F9C1FC1E76A001D1FC0 /* Main.storyboard */; };
		D8ED0FA01FC1E76A001D1FC0 /* Assets.xcassets in Resources */ = {isa = PBXBuildFile; fileRef = D8ED0F9F1FC1E76A001D1FC0 /* Assets.xcassets */; };
		D8ED0FA31FC1E76A001D1FC0 /* LaunchScreen.storyboard in Resources */ = {isa = PBXBuildFile; fileRef = D8ED0FA11FC1E76A001D1FC0 /* LaunchScreen.storyboard */; };
/* End PBXBuildFile section */

/* Begin PBXContainerItemProxy section */
		D807E5EA1FD2739500EC5CC6 /* PBXContainerItemProxy */ = {
			isa = PBXContainerItemProxy;
			containerPortal = D8ED0F8D1FC1E76A001D1FC0 /* Project object */;
			proxyType = 1;
			remoteGlobalIDString = D807E5DF1FD2739500EC5CC6;
			remoteInfo = todayWeatherWidget;
		};
/* End PBXContainerItemProxy section */

/* Begin PBXCopyFilesBuildPhase section */
		D807E5F01FD2739500EC5CC6 /* Embed App Extensions */ = {
			isa = PBXCopyFilesBuildPhase;
			buildActionMask = 2147483647;
			dstPath = "";
			dstSubfolderSpec = 13;
			files = (
				D807E5EC1FD2739500EC5CC6 /* todayWeatherWidget.appex in Embed App Extensions */,
			);
			name = "Embed App Extensions";
			runOnlyForDeploymentPostprocessing = 0;
		};
/* End PBXCopyFilesBuildPhase section */

/* Begin PBXFileReference section */
		020D1B361745D82449B7AC02 /* Pods-Woosan.debug.xcconfig */ = {isa = PBXFileReference; includeInIndex = 1; lastKnownFileType = text.xcconfig; name = "Pods-Woosan.debug.xcconfig"; path = "Pods/Target Support Files/Pods-Woosan/Pods-Woosan.debug.xcconfig"; sourceTree = "<group>"; };
		0D2260CE976807C7A86B5039 /* Pods-todayWeatherWidget.release.xcconfig */ = {isa = PBXFileReference; includeInIndex = 1; lastKnownFileType = text.xcconfig; name = "Pods-todayWeatherWidget.release.xcconfig"; path = "Pods/Target Support Files/Pods-todayWeatherWidget/Pods-todayWeatherWidget.release.xcconfig"; sourceTree = "<group>"; };
		2B19D8DF94E801644805B2B7 /* Pods_Woosan.framework */ = {isa = PBXFileReference; explicitFileType = wrapper.framework; includeInIndex = 0; path = Pods_Woosan.framework; sourceTree = BUILT_PRODUCTS_DIR; };
		584A1A4690383C013A78451E /* Pods-Woosan.release.xcconfig */ = {isa = PBXFileReference; includeInIndex = 1; lastKnownFileType = text.xcconfig; name = "Pods-Woosan.release.xcconfig"; path = "Pods/Target Support Files/Pods-Woosan/Pods-Woosan.release.xcconfig"; sourceTree = "<group>"; };
		5DC6E3DD8A7EAF074CD2C6BB /* Pods_todayWeatherWidget.framework */ = {isa = PBXFileReference; explicitFileType = wrapper.framework; includeInIndex = 0; path = Pods_todayWeatherWidget.framework; sourceTree = BUILT_PRODUCTS_DIR; };
		BB2A1473964D76C4B7207302 /* Pods-todayWeatherWidget.debug.xcconfig */ = {isa = PBXFileReference; includeInIndex = 1; lastKnownFileType = text.xcconfig; name = "Pods-todayWeatherWidget.debug.xcconfig"; path = "Pods/Target Support Files/Pods-todayWeatherWidget/Pods-todayWeatherWidget.debug.xcconfig"; sourceTree = "<group>"; };
		D80324EA1FDE86D000C3D06B /* BGDetailViewController.swift */ = {isa = PBXFileReference; lastKnownFileType = sourcecode.swift; path = BGDetailViewController.swift; sourceTree = "<group>"; };
		D80324ED1FDEFF4F00C3D06B /* Widget_Constants.swift */ = {isa = PBXFileReference; lastKnownFileType = sourcecode.swift; path = Widget_Constants.swift; sourceTree = "<group>"; };
		D807E5E01FD2739500EC5CC6 /* todayWeatherWidget.appex */ = {isa = PBXFileReference; explicitFileType = "wrapper.app-extension"; includeInIndex = 0; path = todayWeatherWidget.appex; sourceTree = BUILT_PRODUCTS_DIR; };
		D807E5E11FD2739500EC5CC6 /* NotificationCenter.framework */ = {isa = PBXFileReference; lastKnownFileType = wrapper.framework; name = NotificationCenter.framework; path = System/Library/Frameworks/NotificationCenter.framework; sourceTree = SDKROOT; };
		D807E5E41FD2739500EC5CC6 /* TodayViewController.swift */ = {isa = PBXFileReference; lastKnownFileType = sourcecode.swift; path = TodayViewController.swift; sourceTree = "<group>"; };
		D807E5E71FD2739500EC5CC6 /* Base */ = {isa = PBXFileReference; lastKnownFileType = file.storyboard; name = Base; path = Base.lproj/MainInterface.storyboard; sourceTree = "<group>"; };
		D807E5E91FD2739500EC5CC6 /* Info.plist */ = {isa = PBXFileReference; lastKnownFileType = text.plist.xml; path = Info.plist; sourceTree = "<group>"; };
		D807E5F11FD2745A00EC5CC6 /* Woosan.entitlements */ = {isa = PBXFileReference; lastKnownFileType = text.plist.entitlements; path = Woosan.entitlements; sourceTree = "<group>"; };
		D81B2E761FCEB5B10094CCB5 /* Constants.swift */ = {isa = PBXFileReference; lastKnownFileType = sourcecode.swift; path = Constants.swift; sourceTree = "<group>"; };
		D84B17371FDAA6BD007F14A1 /* doggy.json */ = {isa = PBXFileReference; fileEncoding = 4; lastKnownFileType = text.json; path = doggy.json; sourceTree = "<group>"; };
		D84B173D1FDC412F007F14A1 /* SettingViewController.swift */ = {isa = PBXFileReference; lastKnownFileType = sourcecode.swift; path = SettingViewController.swift; sourceTree = "<group>"; };
		D84B17401FDC4B98007F14A1 /* ThemeViewController.swift */ = {isa = PBXFileReference; lastKnownFileType = sourcecode.swift; path = ThemeViewController.swift; sourceTree = "<group>"; };
		D84B17421FDC4BD4007F14A1 /* BackgroundViewController.swift */ = {isa = PBXFileReference; lastKnownFileType = sourcecode.swift; path = BackgroundViewController.swift; sourceTree = "<group>"; };
		D84B17441FDC4DF8007F14A1 /* IntroduceViewController.swift */ = {isa = PBXFileReference; lastKnownFileType = sourcecode.swift; path = IntroduceViewController.swift; sourceTree = "<group>"; };
		D84B17461FDC4E10007F14A1 /* EtcViewController.swift */ = {isa = PBXFileReference; lastKnownFileType = sourcecode.swift; path = EtcViewController.swift; sourceTree = "<group>"; };
		D84B17481FDC5302007F14A1 /* ThemeTableViewCell.swift */ = {isa = PBXFileReference; lastKnownFileType = sourcecode.swift; path = ThemeTableViewCell.swift; sourceTree = "<group>"; };
		D84B17491FDC5302007F14A1 /* ThemeTableViewCell.xib */ = {isa = PBXFileReference; lastKnownFileType = file.xib; path = ThemeTableViewCell.xib; sourceTree = "<group>"; };
		D84B174D1FDC595D007F14A1 /* BGCollectionViewCell.swift */ = {isa = PBXFileReference; lastKnownFileType = sourcecode.swift; path = BGCollectionViewCell.swift; sourceTree = "<group>"; };
		D84B174E1FDC595D007F14A1 /* BGCollectionViewCell.xib */ = {isa = PBXFileReference; lastKnownFileType = file.xib; path = BGCollectionViewCell.xib; sourceTree = "<group>"; };
		D868A82D1FF5283A0001030B /* SKY_D09.json */ = {isa = PBXFileReference; fileEncoding = 4; lastKnownFileType = text.json; name = SKY_D09.json; path = ../../../../Woosan/Woosan/Lottie/SKY_D09.json; sourceTree = "<group>"; };
		D868A82E1FF5283A0001030B /* SKY_D08.json */ = {isa = PBXFileReference; fileEncoding = 4; lastKnownFileType = text.json; name = SKY_D08.json; path = ../../../../Woosan/Woosan/Lottie/SKY_D08.json; sourceTree = "<group>"; };
		D88DBE471FEDAF260082F44D /* forecastCollectionViewCell.swift */ = {isa = PBXFileReference; lastKnownFileType = sourcecode.swift; path = forecastCollectionViewCell.swift; sourceTree = "<group>"; };
		D88DBE481FEDAF260082F44D /* forecastCollectionViewCell.xib */ = {isa = PBXFileReference; lastKnownFileType = file.xib; path = forecastCollectionViewCell.xib; sourceTree = "<group>"; };
		D89620EA1FD0433600EB1CBB /* SKY_D01.json */ = {isa = PBXFileReference; fileEncoding = 4; lastKnownFileType = text.json; name = SKY_D01.json; path = Woosan/Lottie/SKY_D01.json; sourceTree = SOURCE_ROOT; };
		D89620EC1FD0EDAC00EB1CBB /* SKY_D04.json */ = {isa = PBXFileReference; fileEncoding = 4; lastKnownFileType = text.json; name = SKY_D04.json; path = Woosan/Lottie/SKY_D04.json; sourceTree = SOURCE_ROOT; };
		D89620ED1FD0EDAC00EB1CBB /* SKY_D05.json */ = {isa = PBXFileReference; fileEncoding = 4; lastKnownFileType = text.json; name = SKY_D05.json; path = Woosan/Lottie/SKY_D05.json; sourceTree = SOURCE_ROOT; };
		D89620EE1FD0EDAC00EB1CBB /* SKY_D02.json */ = {isa = PBXFileReference; fileEncoding = 4; lastKnownFileType = text.json; name = SKY_D02.json; path = Woosan/Lottie/SKY_D02.json; sourceTree = SOURCE_ROOT; };
		D89620EF1FD0EDAC00EB1CBB /* SKY_D06.json */ = {isa = PBXFileReference; fileEncoding = 4; lastKnownFileType = text.json; name = SKY_D06.json; path = Woosan/Lottie/SKY_D06.json; sourceTree = SOURCE_ROOT; };
		D89620F01FD0EDAD00EB1CBB /* SKY_D07.json */ = {isa = PBXFileReference; fileEncoding = 4; lastKnownFileType = text.json; name = SKY_D07.json; path = Woosan/Lottie/SKY_D07.json; sourceTree = SOURCE_ROOT; };
		D89620F11FD0EDAD00EB1CBB /* SKY_D03.json */ = {isa = PBXFileReference; fileEncoding = 4; lastKnownFileType = text.json; name = SKY_D03.json; path = Woosan/Lottie/SKY_D03.json; sourceTree = SOURCE_ROOT; };
		D89A17E51FE2A2AE00B29B03 /* GoogleService-Info.plist */ = {isa = PBXFileReference; fileEncoding = 4; lastKnownFileType = text.plist.xml; name = "GoogleService-Info.plist"; path = "../../../Downloads/GoogleService-Info.plist"; sourceTree = "<group>"; };
		D89A17E71FE2C5FB00B29B03 /* EtcTableViewCell.swift */ = {isa = PBXFileReference; lastKnownFileType = sourcecode.swift; path = EtcTableViewCell.swift; sourceTree = "<group>"; };
		D89A17E81FE2C5FB00B29B03 /* EtcTableViewCell.xib */ = {isa = PBXFileReference; lastKnownFileType = file.xib; path = EtcTableViewCell.xib; sourceTree = "<group>"; };
		D8CE532F1FFBDC1E00CE171A /* notiPopup.swift */ = {isa = PBXFileReference; lastKnownFileType = sourcecode.swift; path = notiPopup.swift; sourceTree = "<group>"; };
		D8D637B31FD53E8400CBFFB3 /* todayWeatherWidget.entitlements */ = {isa = PBXFileReference; lastKnownFileType = text.plist.entitlements; path = todayWeatherWidget.entitlements; sourceTree = "<group>"; };
		D8ED0F951FC1E76A001D1FC0 /* Woosan.app */ = {isa = PBXFileReference; explicitFileType = wrapper.application; includeInIndex = 0; path = Woosan.app; sourceTree = BUILT_PRODUCTS_DIR; };
		D8ED0F981FC1E76A001D1FC0 /* AppDelegate.swift */ = {isa = PBXFileReference; lastKnownFileType = sourcecode.swift; path = AppDelegate.swift; sourceTree = "<group>"; };
		D8ED0F9A1FC1E76A001D1FC0 /* ViewController.swift */ = {isa = PBXFileReference; lastKnownFileType = sourcecode.swift; path = ViewController.swift; sourceTree = "<group>"; };
		D8ED0F9D1FC1E76A001D1FC0 /* Base */ = {isa = PBXFileReference; lastKnownFileType = file.storyboard; name = Base; path = Base.lproj/Main.storyboard; sourceTree = "<group>"; };
		D8ED0F9F1FC1E76A001D1FC0 /* Assets.xcassets */ = {isa = PBXFileReference; lastKnownFileType = folder.assetcatalog; path = Assets.xcassets; sourceTree = "<group>"; };
		D8ED0FA21FC1E76A001D1FC0 /* Base */ = {isa = PBXFileReference; lastKnownFileType = file.storyboard; name = Base; path = Base.lproj/LaunchScreen.storyboard; sourceTree = "<group>"; };
		D8ED0FA41FC1E76A001D1FC0 /* Info.plist */ = {isa = PBXFileReference; lastKnownFileType = text.plist.xml; path = Info.plist; sourceTree = "<group>"; };
/* End PBXFileReference section */

/* Begin PBXFrameworksBuildPhase section */
		D807E5DD1FD2739500EC5CC6 /* Frameworks */ = {
			isa = PBXFrameworksBuildPhase;
			buildActionMask = 2147483647;
			files = (
				D807E5E21FD2739500EC5CC6 /* NotificationCenter.framework in Frameworks */,
				95BBD52D6F64F14BC304A733 /* Pods_todayWeatherWidget.framework in Frameworks */,
			);
			runOnlyForDeploymentPostprocessing = 0;
		};
		D8ED0F921FC1E76A001D1FC0 /* Frameworks */ = {
			isa = PBXFrameworksBuildPhase;
			buildActionMask = 2147483647;
			files = (
				03954ACC6034D880394E0984 /* Pods_Woosan.framework in Frameworks */,
			);
			runOnlyForDeploymentPostprocessing = 0;
		};
/* End PBXFrameworksBuildPhase section */

/* Begin PBXGroup section */
		270F6594F0A5DF54E8585A3B /* Frameworks */ = {
			isa = PBXGroup;
			children = (
				2B19D8DF94E801644805B2B7 /* Pods_Woosan.framework */,
				D807E5E11FD2739500EC5CC6 /* NotificationCenter.framework */,
				5DC6E3DD8A7EAF074CD2C6BB /* Pods_todayWeatherWidget.framework */,
			);
			name = Frameworks;
			sourceTree = "<group>";
		};
		48F645438AE5AFCC538F9C4F /* Pods */ = {
			isa = PBXGroup;
			children = (
				020D1B361745D82449B7AC02 /* Pods-Woosan.debug.xcconfig */,
				584A1A4690383C013A78451E /* Pods-Woosan.release.xcconfig */,
				BB2A1473964D76C4B7207302 /* Pods-todayWeatherWidget.debug.xcconfig */,
				0D2260CE976807C7A86B5039 /* Pods-todayWeatherWidget.release.xcconfig */,
			);
			name = Pods;
			sourceTree = "<group>";
		};
		D807E5E31FD2739500EC5CC6 /* todayWeatherWidget */ = {
			isa = PBXGroup;
			children = (
				D8D637B31FD53E8400CBFFB3 /* todayWeatherWidget.entitlements */,
				D807E5E41FD2739500EC5CC6 /* TodayViewController.swift */,
				D80324ED1FDEFF4F00C3D06B /* Widget_Constants.swift */,
				D807E5E61FD2739500EC5CC6 /* MainInterface.storyboard */,
				D807E5E91FD2739500EC5CC6 /* Info.plist */,
			);
			path = todayWeatherWidget;
			sourceTree = "<group>";
		};
		D84B173F1FDC435F007F14A1 /* Lottie */ = {
			isa = PBXGroup;
			children = (
				D84B17371FDAA6BD007F14A1 /* doggy.json */,
				D89620EA1FD0433600EB1CBB /* SKY_D01.json */,
				D89620EE1FD0EDAC00EB1CBB /* SKY_D02.json */,
				D89620F11FD0EDAD00EB1CBB /* SKY_D03.json */,
				D89620EC1FD0EDAC00EB1CBB /* SKY_D04.json */,
				D89620ED1FD0EDAC00EB1CBB /* SKY_D05.json */,
				D89620EF1FD0EDAC00EB1CBB /* SKY_D06.json */,
				D89620F01FD0EDAD00EB1CBB /* SKY_D07.json */,
				D868A82E1FF5283A0001030B /* SKY_D08.json */,
				D868A82D1FF5283A0001030B /* SKY_D09.json */,
			);
			path = Lottie;
			sourceTree = "<group>";
		};
		D84B174C1FDC530A007F14A1 /* CustomCell */ = {
			isa = PBXGroup;
			children = (
				D88DBE471FEDAF260082F44D /* forecastCollectionViewCell.swift */,
				D88DBE481FEDAF260082F44D /* forecastCollectionViewCell.xib */,
				D84B17481FDC5302007F14A1 /* ThemeTableViewCell.swift */,
				D84B17491FDC5302007F14A1 /* ThemeTableViewCell.xib */,
				D84B174D1FDC595D007F14A1 /* BGCollectionViewCell.swift */,
				D84B174E1FDC595D007F14A1 /* BGCollectionViewCell.xib */,
				D89A17E71FE2C5FB00B29B03 /* EtcTableViewCell.swift */,
				D89A17E81FE2C5FB00B29B03 /* EtcTableViewCell.xib */,
			);
			path = CustomCell;
			sourceTree = "<group>";
		};
		D8ED0F8C1FC1E76A001D1FC0 = {
			isa = PBXGroup;
			children = (
				D8ED0F971FC1E76A001D1FC0 /* Woosan */,
				D807E5E31FD2739500EC5CC6 /* todayWeatherWidget */,
				D8ED0F961FC1E76A001D1FC0 /* Products */,
				48F645438AE5AFCC538F9C4F /* Pods */,
				270F6594F0A5DF54E8585A3B /* Frameworks */,
			);
			sourceTree = "<group>";
		};
		D8ED0F961FC1E76A001D1FC0 /* Products */ = {
			isa = PBXGroup;
			children = (
				D8ED0F951FC1E76A001D1FC0 /* Woosan.app */,
				D807E5E01FD2739500EC5CC6 /* todayWeatherWidget.appex */,
			);
			name = Products;
			sourceTree = "<group>";
		};
		D8ED0F971FC1E76A001D1FC0 /* Woosan */ = {
			isa = PBXGroup;
			children = (
				D807E5F11FD2745A00EC5CC6 /* Woosan.entitlements */,
				D84B173F1FDC435F007F14A1 /* Lottie */,
				D8ED0F9C1FC1E76A001D1FC0 /* Main.storyboard */,
				D8ED0F981FC1E76A001D1FC0 /* AppDelegate.swift */,
				D8ED0F9A1FC1E76A001D1FC0 /* ViewController.swift */,
				D84B173D1FDC412F007F14A1 /* SettingViewController.swift */,
				D84B17401FDC4B98007F14A1 /* ThemeViewController.swift */,
				D84B17461FDC4E10007F14A1 /* EtcViewController.swift */,
				D84B17441FDC4DF8007F14A1 /* IntroduceViewController.swift */,
				D84B17421FDC4BD4007F14A1 /* BackgroundViewController.swift */,
				D80324EA1FDE86D000C3D06B /* BGDetailViewController.swift */,
				D81B2E761FCEB5B10094CCB5 /* Constants.swift */,
				D8CE532F1FFBDC1E00CE171A /* notiPopup.swift */,
				D84B174C1FDC530A007F14A1 /* CustomCell */,
				D8ED0F9F1FC1E76A001D1FC0 /* Assets.xcassets */,
				D8ED0FA11FC1E76A001D1FC0 /* LaunchScreen.storyboard */,
				D8ED0FA41FC1E76A001D1FC0 /* Info.plist */,
				D89A17E51FE2A2AE00B29B03 /* GoogleService-Info.plist */,
			);
			path = Woosan;
			sourceTree = "<group>";
		};
/* End PBXGroup section */

/* Begin PBXNativeTarget section */
		D807E5DF1FD2739500EC5CC6 /* todayWeatherWidget */ = {
			isa = PBXNativeTarget;
			buildConfigurationList = D807E5EF1FD2739500EC5CC6 /* Build configuration list for PBXNativeTarget "todayWeatherWidget" */;
			buildPhases = (
				8DCDB776CFFF6A937D6152A7 /* [CP] Check Pods Manifest.lock */,
				D807E5DC1FD2739500EC5CC6 /* Sources */,
				D807E5DD1FD2739500EC5CC6 /* Frameworks */,
				D807E5DE1FD2739500EC5CC6 /* Resources */,
				19BA16D281F2B3D19FF5C08F /* [CP] Copy Pods Resources */,
			);
			buildRules = (
			);
			dependencies = (
			);
			name = todayWeatherWidget;
			productName = todayWeatherWidget;
			productReference = D807E5E01FD2739500EC5CC6 /* todayWeatherWidget.appex */;
			productType = "com.apple.product-type.app-extension";
		};
		D8ED0F941FC1E76A001D1FC0 /* Woosan */ = {
			isa = PBXNativeTarget;
			buildConfigurationList = D8ED0FA71FC1E76A001D1FC0 /* Build configuration list for PBXNativeTarget "Woosan" */;
			buildPhases = (
				8459049AC492EF3027824208 /* [CP] Check Pods Manifest.lock */,
				D8ED0F911FC1E76A001D1FC0 /* Sources */,
				D8ED0F921FC1E76A001D1FC0 /* Frameworks */,
				D8ED0F931FC1E76A001D1FC0 /* Resources */,
				E6A38B8CAFAB11D5EF8B1935 /* [CP] Embed Pods Frameworks */,
				3094FA458699F9666C017E57 /* [CP] Copy Pods Resources */,
				D807E5F01FD2739500EC5CC6 /* Embed App Extensions */,
			);
			buildRules = (
			);
			dependencies = (
				D807E5EB1FD2739500EC5CC6 /* PBXTargetDependency */,
			);
			name = Woosan;
			productName = Woosan;
			productReference = D8ED0F951FC1E76A001D1FC0 /* Woosan.app */;
			productType = "com.apple.product-type.application";
		};
/* End PBXNativeTarget section */

/* Begin PBXProject section */
		D8ED0F8D1FC1E76A001D1FC0 /* Project object */ = {
			isa = PBXProject;
			attributes = {
				LastSwiftUpdateCheck = 0910;
				LastUpgradeCheck = 0910;
				ORGANIZATIONNAME = joe;
				TargetAttributes = {
					D807E5DF1FD2739500EC5CC6 = {
						CreatedOnToolsVersion = 9.1;
						ProvisioningStyle = Automatic;
						SystemCapabilities = {
							com.apple.ApplicationGroups.iOS = {
								enabled = 1;
							};
						};
					};
					D8ED0F941FC1E76A001D1FC0 = {
						CreatedOnToolsVersion = 9.1;
						ProvisioningStyle = Automatic;
						SystemCapabilities = {
							com.apple.ApplicationGroups.iOS = {
								enabled = 1;
							};
						};
					};
				};
			};
			buildConfigurationList = D8ED0F901FC1E76A001D1FC0 /* Build configuration list for PBXProject "Woosan" */;
			compatibilityVersion = "Xcode 8.0";
			developmentRegion = en;
			hasScannedForEncodings = 0;
			knownRegions = (
				en,
				Base,
			);
			mainGroup = D8ED0F8C1FC1E76A001D1FC0;
			productRefGroup = D8ED0F961FC1E76A001D1FC0 /* Products */;
			projectDirPath = "";
			projectRoot = "";
			targets = (
				D8ED0F941FC1E76A001D1FC0 /* Woosan */,
				D807E5DF1FD2739500EC5CC6 /* todayWeatherWidget */,
			);
		};
/* End PBXProject section */

/* Begin PBXResourcesBuildPhase section */
		D807E5DE1FD2739500EC5CC6 /* Resources */ = {
			isa = PBXResourcesBuildPhase;
			buildActionMask = 2147483647;
			files = (
				D80324EC1FDEB36E00C3D06B /* Assets.xcassets in Resources */,
				D807E5E81FD2739500EC5CC6 /* MainInterface.storyboard in Resources */,
			);
			runOnlyForDeploymentPostprocessing = 0;
		};
		D8ED0F931FC1E76A001D1FC0 /* Resources */ = {
			isa = PBXResourcesBuildPhase;
			buildActionMask = 2147483647;
			files = (
				D89620F41FD0EDAD00EB1CBB /* SKY_D02.json in Resources */,
				D89A17E61FE2A2AE00B29B03 /* GoogleService-Info.plist in Resources */,
				D89620F51FD0EDAD00EB1CBB /* SKY_D06.json in Resources */,
				D84B17501FDC595D007F14A1 /* BGCollectionViewCell.xib in Resources */,
				D89A17EA1FE2C5FB00B29B03 /* EtcTableViewCell.xib in Resources */,
				D89620EB1FD0433600EB1CBB /* SKY_D01.json in Resources */,
				D8ED0FA31FC1E76A001D1FC0 /* LaunchScreen.storyboard in Resources */,
				D8ED0FA01FC1E76A001D1FC0 /* Assets.xcassets in Resources */,
				D89620F71FD0EDAD00EB1CBB /* SKY_D03.json in Resources */,
				D84B174B1FDC5302007F14A1 /* ThemeTableViewCell.xib in Resources */,
				D868A8301FF5283A0001030B /* SKY_D08.json in Resources */,
				D89620F61FD0EDAD00EB1CBB /* SKY_D07.json in Resources */,
				D868A82F1FF5283A0001030B /* SKY_D09.json in Resources */,
				D84B17381FDAA6BD007F14A1 /* doggy.json in Resources */,
				D89620F31FD0EDAD00EB1CBB /* SKY_D05.json in Resources */,
				D88DBE4A1FEDAF260082F44D /* forecastCollectionViewCell.xib in Resources */,
				D8ED0F9E1FC1E76A001D1FC0 /* Main.storyboard in Resources */,
				D89620F21FD0EDAD00EB1CBB /* SKY_D04.json in Resources */,
			);
			runOnlyForDeploymentPostprocessing = 0;
		};
/* End PBXResourcesBuildPhase section */

/* Begin PBXShellScriptBuildPhase section */
		19BA16D281F2B3D19FF5C08F /* [CP] Copy Pods Resources */ = {
			isa = PBXShellScriptBuildPhase;
			buildActionMask = 2147483647;
			files = (
			);
			inputPaths = (
			);
			name = "[CP] Copy Pods Resources";
			outputPaths = (
			);
			runOnlyForDeploymentPostprocessing = 0;
			shellPath = /bin/sh;
			shellScript = "\"${SRCROOT}/Pods/Target Support Files/Pods-todayWeatherWidget/Pods-todayWeatherWidget-resources.sh\"\n";
			showEnvVarsInLog = 0;
		};
		3094FA458699F9666C017E57 /* [CP] Copy Pods Resources */ = {
			isa = PBXShellScriptBuildPhase;
			buildActionMask = 2147483647;
			files = (
			);
			inputPaths = (
			);
			name = "[CP] Copy Pods Resources";
			outputPaths = (
			);
			runOnlyForDeploymentPostprocessing = 0;
			shellPath = /bin/sh;
			shellScript = "\"${SRCROOT}/Pods/Target Support Files/Pods-Woosan/Pods-Woosan-resources.sh\"\n";
			showEnvVarsInLog = 0;
		};
		8459049AC492EF3027824208 /* [CP] Check Pods Manifest.lock */ = {
			isa = PBXShellScriptBuildPhase;
			buildActionMask = 2147483647;
			files = (
			);
			inputPaths = (
				"${PODS_PODFILE_DIR_PATH}/Podfile.lock",
				"${PODS_ROOT}/Manifest.lock",
			);
			name = "[CP] Check Pods Manifest.lock";
			outputPaths = (
				"$(DERIVED_FILE_DIR)/Pods-Woosan-checkManifestLockResult.txt",
			);
			runOnlyForDeploymentPostprocessing = 0;
			shellPath = /bin/sh;
			shellScript = "diff \"${PODS_PODFILE_DIR_PATH}/Podfile.lock\" \"${PODS_ROOT}/Manifest.lock\" > /dev/null\nif [ $? != 0 ] ; then\n    # print error to STDERR\n    echo \"error: The sandbox is not in sync with the Podfile.lock. Run 'pod install' or update your CocoaPods installation.\" >&2\n    exit 1\nfi\n# This output is used by Xcode 'outputs' to avoid re-running this script phase.\necho \"SUCCESS\" > \"${SCRIPT_OUTPUT_FILE_0}\"\n";
			showEnvVarsInLog = 0;
		};
		8DCDB776CFFF6A937D6152A7 /* [CP] Check Pods Manifest.lock */ = {
			isa = PBXShellScriptBuildPhase;
			buildActionMask = 2147483647;
			files = (
			);
			inputPaths = (
				"${PODS_PODFILE_DIR_PATH}/Podfile.lock",
				"${PODS_ROOT}/Manifest.lock",
			);
			name = "[CP] Check Pods Manifest.lock";
			outputPaths = (
				"$(DERIVED_FILE_DIR)/Pods-todayWeatherWidget-checkManifestLockResult.txt",
			);
			runOnlyForDeploymentPostprocessing = 0;
			shellPath = /bin/sh;
			shellScript = "diff \"${PODS_PODFILE_DIR_PATH}/Podfile.lock\" \"${PODS_ROOT}/Manifest.lock\" > /dev/null\nif [ $? != 0 ] ; then\n    # print error to STDERR\n    echo \"error: The sandbox is not in sync with the Podfile.lock. Run 'pod install' or update your CocoaPods installation.\" >&2\n    exit 1\nfi\n# This output is used by Xcode 'outputs' to avoid re-running this script phase.\necho \"SUCCESS\" > \"${SCRIPT_OUTPUT_FILE_0}\"\n";
			showEnvVarsInLog = 0;
		};
		E6A38B8CAFAB11D5EF8B1935 /* [CP] Embed Pods Frameworks */ = {
			isa = PBXShellScriptBuildPhase;
			buildActionMask = 2147483647;
			files = (
			);
			inputPaths = (
				"${SRCROOT}/Pods/Target Support Files/Pods-Woosan/Pods-Woosan-frameworks.sh",
				"${BUILT_PRODUCTS_DIR}/Alamofire-iOS10.0/Alamofire.framework",
				"${BUILT_PRODUCTS_DIR}/GTMSessionFetcher/GTMSessionFetcher.framework",
				"${BUILT_PRODUCTS_DIR}/GoogleToolboxForMac/GoogleToolboxForMac.framework",
				"${BUILT_PRODUCTS_DIR}/Kingfisher/Kingfisher.framework",
				"${BUILT_PRODUCTS_DIR}/SwiftyJSON-iOS10.0/SwiftyJSON.framework",
				"${BUILT_PRODUCTS_DIR}/leveldb-library/leveldb.framework",
				"${BUILT_PRODUCTS_DIR}/lottie-ios/Lottie.framework",
				"${BUILT_PRODUCTS_DIR}/nanopb/nanopb.framework",
				"${BUILT_PRODUCTS_DIR}/Alamofire-iOS11.1/Alamofire.framework",
				"${BUILT_PRODUCTS_DIR}/SwiftyJSON-iOS11.1/SwiftyJSON.framework",
			);
			name = "[CP] Embed Pods Frameworks";
			outputPaths = (
				"${TARGET_BUILD_DIR}/${FRAMEWORKS_FOLDER_PATH}/Alamofire.framework",
				"${TARGET_BUILD_DIR}/${FRAMEWORKS_FOLDER_PATH}/GTMSessionFetcher.framework",
				"${TARGET_BUILD_DIR}/${FRAMEWORKS_FOLDER_PATH}/GoogleToolboxForMac.framework",
				"${TARGET_BUILD_DIR}/${FRAMEWORKS_FOLDER_PATH}/Kingfisher.framework",
				"${TARGET_BUILD_DIR}/${FRAMEWORKS_FOLDER_PATH}/SwiftyJSON.framework",
				"${TARGET_BUILD_DIR}/${FRAMEWORKS_FOLDER_PATH}/leveldb.framework",
				"${TARGET_BUILD_DIR}/${FRAMEWORKS_FOLDER_PATH}/Lottie.framework",
				"${TARGET_BUILD_DIR}/${FRAMEWORKS_FOLDER_PATH}/nanopb.framework",
				"${TARGET_BUILD_DIR}/${FRAMEWORKS_FOLDER_PATH}/Alamofire.framework",
				"${TARGET_BUILD_DIR}/${FRAMEWORKS_FOLDER_PATH}/SwiftyJSON.framework",
			);
			runOnlyForDeploymentPostprocessing = 0;
			shellPath = /bin/sh;
			shellScript = "\"${SRCROOT}/Pods/Target Support Files/Pods-Woosan/Pods-Woosan-frameworks.sh\"\n";
			showEnvVarsInLog = 0;
		};
/* End PBXShellScriptBuildPhase section */

/* Begin PBXSourcesBuildPhase section */
		D807E5DC1FD2739500EC5CC6 /* Sources */ = {
			isa = PBXSourcesBuildPhase;
			buildActionMask = 2147483647;
			files = (
				D807E5E51FD2739500EC5CC6 /* TodayViewController.swift in Sources */,
				D80324EE1FDEFF4F00C3D06B /* Widget_Constants.swift in Sources */,
			);
			runOnlyForDeploymentPostprocessing = 0;
		};
		D8ED0F911FC1E76A001D1FC0 /* Sources */ = {
			isa = PBXSourcesBuildPhase;
			buildActionMask = 2147483647;
			files = (
				D84B174A1FDC5302007F14A1 /* ThemeTableViewCell.swift in Sources */,
				D84B174F1FDC595D007F14A1 /* BGCollectionViewCell.swift in Sources */,
				D8CE53301FFBDC1E00CE171A /* notiPopup.swift in Sources */,
				D84B17431FDC4BD4007F14A1 /* BackgroundViewController.swift in Sources */,
				D84B17451FDC4DF8007F14A1 /* IntroduceViewController.swift in Sources */,
				D88DBE491FEDAF260082F44D /* forecastCollectionViewCell.swift in Sources */,
				D84B17411FDC4B98007F14A1 /* ThemeViewController.swift in Sources */,
				D80324EB1FDE86D000C3D06B /* BGDetailViewController.swift in Sources */,
				D8ED0F9B1FC1E76A001D1FC0 /* ViewController.swift in Sources */,
				D8ED0F991FC1E76A001D1FC0 /* AppDelegate.swift in Sources */,
				D89A17E91FE2C5FB00B29B03 /* EtcTableViewCell.swift in Sources */,
				D84B17471FDC4E10007F14A1 /* EtcViewController.swift in Sources */,
				D81B2E771FCEB5B10094CCB5 /* Constants.swift in Sources */,
				D84B173E1FDC412F007F14A1 /* SettingViewController.swift in Sources */,
			);
			runOnlyForDeploymentPostprocessing = 0;
		};
/* End PBXSourcesBuildPhase section */

/* Begin PBXTargetDependency section */
		D807E5EB1FD2739500EC5CC6 /* PBXTargetDependency */ = {
			isa = PBXTargetDependency;
			target = D807E5DF1FD2739500EC5CC6 /* todayWeatherWidget */;
			targetProxy = D807E5EA1FD2739500EC5CC6 /* PBXContainerItemProxy */;
		};
/* End PBXTargetDependency section */

/* Begin PBXVariantGroup section */
		D807E5E61FD2739500EC5CC6 /* MainInterface.storyboard */ = {
			isa = PBXVariantGroup;
			children = (
				D807E5E71FD2739500EC5CC6 /* Base */,
			);
			name = MainInterface.storyboard;
			sourceTree = "<group>";
		};
		D8ED0F9C1FC1E76A001D1FC0 /* Main.storyboard */ = {
			isa = PBXVariantGroup;
			children = (
				D8ED0F9D1FC1E76A001D1FC0 /* Base */,
			);
			name = Main.storyboard;
			sourceTree = "<group>";
		};
		D8ED0FA11FC1E76A001D1FC0 /* LaunchScreen.storyboard */ = {
			isa = PBXVariantGroup;
			children = (
				D8ED0FA21FC1E76A001D1FC0 /* Base */,
			);
			name = LaunchScreen.storyboard;
			sourceTree = "<group>";
		};
/* End PBXVariantGroup section */

/* Begin XCBuildConfiguration section */
		D807E5ED1FD2739500EC5CC6 /* Debug */ = {
			isa = XCBuildConfiguration;
			baseConfigurationReference = BB2A1473964D76C4B7207302 /* Pods-todayWeatherWidget.debug.xcconfig */;
			buildSettings = {
				CODE_SIGN_ENTITLEMENTS = todayWeatherWidget/todayWeatherWidget.entitlements;
				CODE_SIGN_STYLE = Automatic;
				DEVELOPMENT_TEAM = KKWVBL69G7;
				INFOPLIST_FILE = todayWeatherWidget/Info.plist;
				LD_RUNPATH_SEARCH_PATHS = "$(inherited) @executable_path/Frameworks @executable_path/../../Frameworks";
				PRODUCT_BUNDLE_IDENTIFIER = kr.joe.Woosan.todayWeatherWidget;
				PRODUCT_NAME = "$(TARGET_NAME)";
				SKIP_INSTALL = YES;
				SWIFT_VERSION = 4.0;
				TARGETED_DEVICE_FAMILY = "1,2";
			};
			name = Debug;
		};
		D807E5EE1FD2739500EC5CC6 /* Release */ = {
			isa = XCBuildConfiguration;
			baseConfigurationReference = 0D2260CE976807C7A86B5039 /* Pods-todayWeatherWidget.release.xcconfig */;
			buildSettings = {
				CODE_SIGN_ENTITLEMENTS = todayWeatherWidget/todayWeatherWidget.entitlements;
				CODE_SIGN_STYLE = Automatic;
				DEVELOPMENT_TEAM = KKWVBL69G7;
				INFOPLIST_FILE = todayWeatherWidget/Info.plist;
				LD_RUNPATH_SEARCH_PATHS = "$(inherited) @executable_path/Frameworks @executable_path/../../Frameworks";
				PRODUCT_BUNDLE_IDENTIFIER = kr.joe.Woosan.todayWeatherWidget;
				PRODUCT_NAME = "$(TARGET_NAME)";
				SKIP_INSTALL = YES;
				SWIFT_VERSION = 4.0;
				TARGETED_DEVICE_FAMILY = "1,2";
			};
			name = Release;
		};
		D8ED0FA51FC1E76A001D1FC0 /* Debug */ = {
			isa = XCBuildConfiguration;
			buildSettings = {
				ALWAYS_SEARCH_USER_PATHS = NO;
				CLANG_ANALYZER_NONNULL = YES;
				CLANG_ANALYZER_NUMBER_OBJECT_CONVERSION = YES_AGGRESSIVE;
				CLANG_CXX_LANGUAGE_STANDARD = "gnu++14";
				CLANG_CXX_LIBRARY = "libc++";
				CLANG_ENABLE_MODULES = YES;
				CLANG_ENABLE_OBJC_ARC = YES;
				CLANG_WARN_BLOCK_CAPTURE_AUTORELEASING = YES;
				CLANG_WARN_BOOL_CONVERSION = YES;
				CLANG_WARN_COMMA = YES;
				CLANG_WARN_CONSTANT_CONVERSION = YES;
				CLANG_WARN_DIRECT_OBJC_ISA_USAGE = YES_ERROR;
				CLANG_WARN_DOCUMENTATION_COMMENTS = YES;
				CLANG_WARN_EMPTY_BODY = YES;
				CLANG_WARN_ENUM_CONVERSION = YES;
				CLANG_WARN_INFINITE_RECURSION = YES;
				CLANG_WARN_INT_CONVERSION = YES;
				CLANG_WARN_NON_LITERAL_NULL_CONVERSION = YES;
				CLANG_WARN_OBJC_LITERAL_CONVERSION = YES;
				CLANG_WARN_OBJC_ROOT_CLASS = YES_ERROR;
				CLANG_WARN_RANGE_LOOP_ANALYSIS = YES;
				CLANG_WARN_STRICT_PROTOTYPES = YES;
				CLANG_WARN_SUSPICIOUS_MOVE = YES;
				CLANG_WARN_UNGUARDED_AVAILABILITY = YES_AGGRESSIVE;
				CLANG_WARN_UNREACHABLE_CODE = YES;
				CLANG_WARN__DUPLICATE_METHOD_MATCH = YES;
				CODE_SIGN_IDENTITY = "iPhone Developer";
				COPY_PHASE_STRIP = NO;
				DEBUG_INFORMATION_FORMAT = dwarf;
				ENABLE_STRICT_OBJC_MSGSEND = YES;
				ENABLE_TESTABILITY = YES;
				GCC_C_LANGUAGE_STANDARD = gnu11;
				GCC_DYNAMIC_NO_PIC = NO;
				GCC_NO_COMMON_BLOCKS = YES;
				GCC_OPTIMIZATION_LEVEL = 0;
				GCC_PREPROCESSOR_DEFINITIONS = (
					"DEBUG=1",
					"$(inherited)",
				);
				GCC_WARN_64_TO_32_BIT_CONVERSION = YES;
				GCC_WARN_ABOUT_RETURN_TYPE = YES_ERROR;
				GCC_WARN_UNDECLARED_SELECTOR = YES;
				GCC_WARN_UNINITIALIZED_AUTOS = YES_AGGRESSIVE;
				GCC_WARN_UNUSED_FUNCTION = YES;
				GCC_WARN_UNUSED_VARIABLE = YES;
				IPHONEOS_DEPLOYMENT_TARGET = 11.1;
				MTL_ENABLE_DEBUG_INFO = YES;
				ONLY_ACTIVE_ARCH = YES;
				SDKROOT = iphoneos;
				SWIFT_ACTIVE_COMPILATION_CONDITIONS = DEBUG;
				SWIFT_OPTIMIZATION_LEVEL = "-Onone";
			};
			name = Debug;
		};
		D8ED0FA61FC1E76A001D1FC0 /* Release */ = {
			isa = XCBuildConfiguration;
			buildSettings = {
				ALWAYS_SEARCH_USER_PATHS = NO;
				CLANG_ANALYZER_NONNULL = YES;
				CLANG_ANALYZER_NUMBER_OBJECT_CONVERSION = YES_AGGRESSIVE;
				CLANG_CXX_LANGUAGE_STANDARD = "gnu++14";
				CLANG_CXX_LIBRARY = "libc++";
				CLANG_ENABLE_MODULES = YES;
				CLANG_ENABLE_OBJC_ARC = YES;
				CLANG_WARN_BLOCK_CAPTURE_AUTORELEASING = YES;
				CLANG_WARN_BOOL_CONVERSION = YES;
				CLANG_WARN_COMMA = YES;
				CLANG_WARN_CONSTANT_CONVERSION = YES;
				CLANG_WARN_DIRECT_OBJC_ISA_USAGE = YES_ERROR;
				CLANG_WARN_DOCUMENTATION_COMMENTS = YES;
				CLANG_WARN_EMPTY_BODY = YES;
				CLANG_WARN_ENUM_CONVERSION = YES;
				CLANG_WARN_INFINITE_RECURSION = YES;
				CLANG_WARN_INT_CONVERSION = YES;
				CLANG_WARN_NON_LITERAL_NULL_CONVERSION = YES;
				CLANG_WARN_OBJC_LITERAL_CONVERSION = YES;
				CLANG_WARN_OBJC_ROOT_CLASS = YES_ERROR;
				CLANG_WARN_RANGE_LOOP_ANALYSIS = YES;
				CLANG_WARN_STRICT_PROTOTYPES = YES;
				CLANG_WARN_SUSPICIOUS_MOVE = YES;
				CLANG_WARN_UNGUARDED_AVAILABILITY = YES_AGGRESSIVE;
				CLANG_WARN_UNREACHABLE_CODE = YES;
				CLANG_WARN__DUPLICATE_METHOD_MATCH = YES;
				CODE_SIGN_IDENTITY = "iPhone Developer";
				COPY_PHASE_STRIP = NO;
				DEBUG_INFORMATION_FORMAT = "dwarf-with-dsym";
				ENABLE_NS_ASSERTIONS = NO;
				ENABLE_STRICT_OBJC_MSGSEND = YES;
				GCC_C_LANGUAGE_STANDARD = gnu11;
				GCC_NO_COMMON_BLOCKS = YES;
				GCC_WARN_64_TO_32_BIT_CONVERSION = YES;
				GCC_WARN_ABOUT_RETURN_TYPE = YES_ERROR;
				GCC_WARN_UNDECLARED_SELECTOR = YES;
				GCC_WARN_UNINITIALIZED_AUTOS = YES_AGGRESSIVE;
				GCC_WARN_UNUSED_FUNCTION = YES;
				GCC_WARN_UNUSED_VARIABLE = YES;
				IPHONEOS_DEPLOYMENT_TARGET = 11.1;
				MTL_ENABLE_DEBUG_INFO = NO;
				SDKROOT = iphoneos;
				SWIFT_OPTIMIZATION_LEVEL = "-Owholemodule";
				VALIDATE_PRODUCT = YES;
			};
			name = Release;
		};
		D8ED0FA81FC1E76A001D1FC0 /* Debug */ = {
			isa = XCBuildConfiguration;
			baseConfigurationReference = 020D1B361745D82449B7AC02 /* Pods-Woosan.debug.xcconfig */;
			buildSettings = {
				ALWAYS_EMBED_SWIFT_STANDARD_LIBRARIES = YES;
				ASSETCATALOG_COMPILER_APPICON_NAME = AppIcon;
				CODE_SIGN_ENTITLEMENTS = Woosan/Woosan.entitlements;
				CODE_SIGN_STYLE = Automatic;
				DEVELOPMENT_TEAM = KKWVBL69G7;
				INFOPLIST_FILE = Woosan/Info.plist;
				IPHONEOS_DEPLOYMENT_TARGET = 10.0;
				LD_RUNPATH_SEARCH_PATHS = "$(inherited) @executable_path/Frameworks";
				PRODUCT_BUNDLE_IDENTIFIER = kr.joe.Woosan;
				PRODUCT_NAME = "$(TARGET_NAME)";
				SWIFT_VERSION = 4.0;
				TARGETED_DEVICE_FAMILY = 1;
			};
			name = Debug;
		};
		D8ED0FA91FC1E76A001D1FC0 /* Release */ = {
			isa = XCBuildConfiguration;
			baseConfigurationReference = 584A1A4690383C013A78451E /* Pods-Woosan.release.xcconfig */;
			buildSettings = {
				ALWAYS_EMBED_SWIFT_STANDARD_LIBRARIES = YES;
				ASSETCATALOG_COMPILER_APPICON_NAME = AppIcon;
				CODE_SIGN_ENTITLEMENTS = Woosan/Woosan.entitlements;
				CODE_SIGN_STYLE = Automatic;
				DEVELOPMENT_TEAM = KKWVBL69G7;
				INFOPLIST_FILE = Woosan/Info.plist;
				IPHONEOS_DEPLOYMENT_TARGET = 10.0;
				LD_RUNPATH_SEARCH_PATHS = "$(inherited) @executable_path/Frameworks";
				PRODUCT_BUNDLE_IDENTIFIER = kr.joe.Woosan;
				PRODUCT_NAME = "$(TARGET_NAME)";
				SWIFT_VERSION = 4.0;
				TARGETED_DEVICE_FAMILY = 1;
			};
			name = Release;
		};
/* End XCBuildConfiguration section */

/* Begin XCConfigurationList section */
		D807E5EF1FD2739500EC5CC6 /* Build configuration list for PBXNativeTarget "todayWeatherWidget" */ = {
			isa = XCConfigurationList;
			buildConfigurations = (
				D807E5ED1FD2739500EC5CC6 /* Debug */,
				D807E5EE1FD2739500EC5CC6 /* Release */,
			);
			defaultConfigurationIsVisible = 0;
			defaultConfigurationName = Release;
		};
		D8ED0F901FC1E76A001D1FC0 /* Build configuration list for PBXProject "Woosan" */ = {
			isa = XCConfigurationList;
			buildConfigurations = (
				D8ED0FA51FC1E76A001D1FC0 /* Debug */,
				D8ED0FA61FC1E76A001D1FC0 /* Release */,
			);
			defaultConfigurationIsVisible = 0;
			defaultConfigurationName = Release;
		};
		D8ED0FA71FC1E76A001D1FC0 /* Build configuration list for PBXNativeTarget "Woosan" */ = {
			isa = XCConfigurationList;
			buildConfigurations = (
				D8ED0FA81FC1E76A001D1FC0 /* Debug */,
				D8ED0FA91FC1E76A001D1FC0 /* Release */,
			);
			defaultConfigurationIsVisible = 0;
			defaultConfigurationName = Release;
		};
/* End XCConfigurationList section */
	};
	rootObject = D8ED0F8D1FC1E76A001D1FC0 /* Project object */;
}
